{
  "requires": true,
  "lockfileVersion": 1,
  "dependencies": {
    "@vue/devtools-api": {
      "version": "6.5.0",
      "resolved": "https://registry.npmjs.org/@vue/devtools-api/-/devtools-api-6.5.0.tgz",
      "integrity": "sha512-o9KfBeaBmCKl10usN4crU53fYtC1r7jJwdGKjPT24t348rHxgfpZ0xL3Xm/gLUYnc0oTp8LAmrxOeLyu6tbk2Q=="
    },
    "vue-router": {
      "version": "4.2.1",
      "resolved": "https://registry.npmjs.org/vue-router/-/vue-router-4.2.1.tgz",
      "integrity": "sha512-nW28EeifEp8Abc5AfmAShy5ZKGsGzjcnZ3L1yc2DYUo+MqbBClrRP9yda3dIekM4I50/KnEwo1wkBLf7kHH5Cw==",
      "requires": {
        "@vue/devtools-api": "^6.5.0"
      }
    }
  }
}
